
Microsoft Visual Studio Solution File, Format Version 12.00
# Visual Studio 15
VisualStudioVersion = 15.0.28307.1433
MinimumVisualStudioVersion = 10.0.40219.1
Project("{FAE04EC0-301F-11D3-BF4B-00C04F79EFBC}") = "sw-algorithm", "sw-algorithm.csproj", "{7D390F11-6D24-4DDD-B347-33E909873689}"
EndProject
Global
	GlobalSection(SolutionConfigurationPlatforms) = preSolution
		Debug|Any CPU = Debug|Any CPU
		Release|Any CPU = Release|Any CPU
	EndGlobalSection
	GlobalSection(ProjectConfigurationPlatforms) = postSolution
		{7D390F11-6D24-4DDD-B347-33E909873689}.Debug|Any CPU.ActiveCfg = Debug|Any CPU
		{7D390F11-6D24-4DDD-B347-33E909873689}.Debug|Any CPU.Build.0 = Debug|Any CPU
		{7D390F11-6D24-4DDD-B347-33E909873689}.Release|Any CPU.ActiveCfg = Release|Any CPU
		{7D390F11-6D24-4DDD-B347-33E909873689}.Release|Any CPU.Build.0 = Release|Any CPU
	EndGlobalSection
	GlobalSection(SolutionProperties) = preSolution
		HideSolutionNode = FALSE
	EndGlobalSection
	GlobalSection(ExtensibilityGlobals) = postSolution
		SolutionGuid = {E7FA1CEC-8744-45C7-A9B4-E66D844F54D7}
	EndGlobalSection
EndGlobal
